
Microsoft Visual Studio Solution File, Format Version 12.00
# Visual Studio Version 16
VisualStudioVersion = 16.0.29728.190
MinimumVisualStudioVersion = 10.0.40219.1
Project("{9A19103F-16F7-4668-BE54-9A1E7A4F7556}") = "dotnet-lab", "dotnet-lab.csproj", "{FF9FD3E8-7BA2-44FE-8F50-8C549EC9703D}"
EndProject
Global
	GlobalSection(SolutionConfigurationPlatforms) = preSolution
		Debug|Any CPU = Debug|Any CPU
		Release|Any CPU = Release|Any CPU
	EndGlobalSection
	GlobalSection(ProjectConfigurationPlatforms) = postSolution
		{FF9FD3E8-7BA2-44FE-8F50-8C549EC9703D}.Debug|Any CPU.ActiveCfg = Debug|Any CPU
		{FF9FD3E8-7BA2-44FE-8F50-8C549EC9703D}.Debug|Any CPU.Build.0 = Debug|Any CPU
		{FF9FD3E8-7BA2-44FE-8F50-8C549EC9703D}.Release|Any CPU.ActiveCfg = Release|Any CPU
		{FF9FD3E8-7BA2-44FE-8F50-8C549EC9703D}.Release|Any CPU.Build.0 = Release|Any CPU
	EndGlobalSection
	GlobalSection(SolutionProperties) = preSolution
		HideSolutionNode = FALSE
	EndGlobalSection
	GlobalSection(ExtensibilityGlobals) = postSolution
		SolutionGuid = {F44BA40B-AAE9-4B17-9AB0-4A9DC1613337}
	EndGlobalSection
EndGlobal
